{
  "name": "yonimc_scripts",
  "version": "0.8.3",
  "lockfileVersion": 2,
  "requires": true,
  "packages": {
    "": {
      "name": "yonimc_scripts",
      "version": "0.8.3",
      "license": "SEE LICENSE IN LICENSE.md",
      "dependencies": {
        "@minecraft/server": "^1.1.0-beta.release.1.19.50",
        "@minecraft/server-admin": "^1.0.0-beta.release.1.19.50",
        "@minecraft/server-gametest": "^1.0.0-beta.release.1.19.50",
        "@minecraft/server-net": "^1.0.0-beta.release.1.19.50",
        "@minecraft/server-ui": "^1.0.0-beta.release.1.19.50",
        "typescript": "^4.9.3"
      }
    },
    "node_modules/@minecraft/server": {
      "version": "1.1.0-beta.release.1.19.50",
      "resolved": "https://registry.npmjs.org/@minecraft/server/-/server-1.1.0-beta.release.1.19.50.tgz",
      "integrity": "sha512-cuyY7QMd5HgzI71Pu/Z7Ii6Ux4fNUf2q/OtXZn14+QTRlC3SaPrPvGIVkSswMhQbcPxL7+uRNtN3CAB3H3PJMA=="
    },
    "node_modules/@minecraft/server-admin": {
      "version": "1.0.0-beta.release.1.19.50",
      "resolved": "https://registry.npmjs.org/@minecraft/server-admin/-/server-admin-1.0.0-beta.release.1.19.50.tgz",
      "integrity": "sha512-RVHU4LLs0gZeTntbfcUEc+WM9DEWXbl1kK+vh02kCta8KSWWmW2aGX+vNdrJjrlyAVy3+uZgzLAb3O67g24xig=="
    },
    "node_modules/@minecraft/server-gametest": {
      "version": "1.0.0-beta.release.1.19.50",
      "resolved": "https://registry.npmjs.org/@minecraft/server-gametest/-/server-gametest-1.0.0-beta.release.1.19.50.tgz",
      "integrity": "sha512-xs2GxKxlMtdhtO/xixgpaTsl0oEhAXZkY8bxe1b3mryqomc7qe6Xk1Q5o83oBg+C2p6iyicCEEo16PvtXa2oQg==",
      "dependencies": {
        "@minecraft/server": "1.1.0-beta.release.1.19.50"
      }
    },
    "node_modules/@minecraft/server-net": {
      "version": "1.0.0-beta.release.1.19.50",
      "resolved": "https://registry.npmjs.org/@minecraft/server-net/-/server-net-1.0.0-beta.release.1.19.50.tgz",
      "integrity": "sha512-m0HEAGRSI3sJqW/qaSKefYGhUTEJXdyBmFxeICKNpVe3GlTeZ9o9aYYc+dOioGegr3tpXKSmO+bk2jENZW0gAw==",
      "dependencies": {
        "@minecraft/server-admin": "1.0.0-beta.release.1.19.50"
      }
    },
    "node_modules/@minecraft/server-ui": {
      "version": "1.0.0-beta.release.1.19.50",
      "resolved": "https://registry.npmjs.org/@minecraft/server-ui/-/server-ui-1.0.0-beta.release.1.19.50.tgz",
      "integrity": "sha512-hWd1pPmil66kECrbqtMRebp4hSDRbUbjs4+A0L1fvUsXb45uL7HTvuxKIbyhbccTHs3VCod/hQSdoTIzCrsfSw==",
      "dependencies": {
        "@minecraft/server": "1.1.0-beta.release.1.19.50"
      }
    },
    "node_modules/typescript": {
      "version": "4.9.3",
      "resolved": "https://registry.npmjs.org/typescript/-/typescript-4.9.3.tgz",
      "integrity": "sha512-CIfGzTelbKNEnLpLdGFgdyKhG23CKdKgQPOBc+OUNrkJ2vr+KSzsSV5kq5iWhEQbok+quxgGzrAtGWCyU7tHnA==",
      "bin": {
        "tsc": "bin/tsc",
        "tsserver": "bin/tsserver"
      },
      "engines": {
        "node": ">=4.2.0"
      }
    }
  },
  "dependencies": {
    "@minecraft/server": {
      "version": "1.1.0-beta.release.1.19.50",
      "resolved": "https://registry.npmjs.org/@minecraft/server/-/server-1.1.0-beta.release.1.19.50.tgz",
      "integrity": "sha512-cuyY7QMd5HgzI71Pu/Z7Ii6Ux4fNUf2q/OtXZn14+QTRlC3SaPrPvGIVkSswMhQbcPxL7+uRNtN3CAB3H3PJMA=="
    },
    "@minecraft/server-admin": {
      "version": "1.0.0-beta.release.1.19.50",
      "resolved": "https://registry.npmjs.org/@minecraft/server-admin/-/server-admin-1.0.0-beta.release.1.19.50.tgz",
      "integrity": "sha512-RVHU4LLs0gZeTntbfcUEc+WM9DEWXbl1kK+vh02kCta8KSWWmW2aGX+vNdrJjrlyAVy3+uZgzLAb3O67g24xig=="
    },
    "@minecraft/server-gametest": {
      "version": "1.0.0-beta.release.1.19.50",
      "resolved": "https://registry.npmjs.org/@minecraft/server-gametest/-/server-gametest-1.0.0-beta.release.1.19.50.tgz",
      "integrity": "sha512-xs2GxKxlMtdhtO/xixgpaTsl0oEhAXZkY8bxe1b3mryqomc7qe6Xk1Q5o83oBg+C2p6iyicCEEo16PvtXa2oQg==",
      "requires": {
        "@minecraft/server": "1.1.0-beta.release.1.19.50"
      }
    },
    "@minecraft/server-net": {
      "version": "1.0.0-beta.release.1.19.50",
      "resolved": "https://registry.npmjs.org/@minecraft/server-net/-/server-net-1.0.0-beta.release.1.19.50.tgz",
      "integrity": "sha512-m0HEAGRSI3sJqW/qaSKefYGhUTEJXdyBmFxeICKNpVe3GlTeZ9o9aYYc+dOioGegr3tpXKSmO+bk2jENZW0gAw==",
      "requires": {
        "@minecraft/server-admin": "1.0.0-beta.release.1.19.50"
      }
    },
    "@minecraft/server-ui": {
      "version": "1.0.0-beta.release.1.19.50",
      "resolved": "https://registry.npmjs.org/@minecraft/server-ui/-/server-ui-1.0.0-beta.release.1.19.50.tgz",
      "integrity": "sha512-hWd1pPmil66kECrbqtMRebp4hSDRbUbjs4+A0L1fvUsXb45uL7HTvuxKIbyhbccTHs3VCod/hQSdoTIzCrsfSw==",
      "requires": {
        "@minecraft/server": "1.1.0-beta.release.1.19.50"
      }
    },
    "typescript": {
      "version": "4.9.3",
      "resolved": "https://registry.npmjs.org/typescript/-/typescript-4.9.3.tgz",
      "integrity": "sha512-CIfGzTelbKNEnLpLdGFgdyKhG23CKdKgQPOBc+OUNrkJ2vr+KSzsSV5kq5iWhEQbok+quxgGzrAtGWCyU7tHnA=="
    }
  }
}
