{
  "name": "@silvigarabis/yonimc_scripts",
  "version": "1.0.0-test.1",
  "lockfileVersion": 3,
  "requires": true,
  "packages": {
    "": {
      "name": "@silvigarabis/yonimc_scripts",
      "version": "1.0.0-test.1",
      "license": "CC-BY-NC-SA-4.0",
      "dependencies": {
        "@minecraft/server": "^1.4.0-beta.1.20.10-preview.21",
        "@minecraft/server-gametest": "^1.0.0-beta.1.20.10-preview.21",
        "@minecraft/server-net": "^1.0.0-beta.1.19.80-stable",
        "@minecraft/server-ui": "^1.1.0-beta.1.20.10-preview.21",
        "@minecraft/vanilla-data": "^1.20.10-preview.21",
        "yoni-mcscripts-lib": "^0.11.1-beta"
      },
      "devDependencies": {
        "typescript": "4.9.3"
      }
    },
    "node_modules/@minecraft/server": {
      "version": "1.4.0-beta.1.20.10-preview.21",
      "resolved": "https://registry.npmjs.org/@minecraft/server/-/server-1.4.0-beta.1.20.10-preview.21.tgz",
      "integrity": "sha512-ujhsa/ercjy5ifdU3zBZXIyBUP+r9+DlWaWp6+tM71zXkPivISS/E5HbL/n0fMDZ32Aad1AaWDX6WOdCzlhn/Q=="
    },
    "node_modules/@minecraft/server-admin": {
      "version": "1.0.0-beta.11940b24",
      "resolved": "https://registry.npmjs.org/@minecraft/server-admin/-/server-admin-1.0.0-beta.11940b24.tgz",
      "integrity": "sha512-UZ8YyB8mvF31f22+uM67gJums9d6NDgz9AQ2l4a++EHUP9uen0m3aaBaqM9RyumJpRBJbv/hslAKOyeDT01qew=="
    },
    "node_modules/@minecraft/server-gametest": {
      "version": "1.0.0-beta.1.20.10-preview.21",
      "resolved": "https://registry.npmjs.org/@minecraft/server-gametest/-/server-gametest-1.0.0-beta.1.20.10-preview.21.tgz",
      "integrity": "sha512-B+qX4X2ucavEBVkIrcPU8EynDb5MUSpjqyYVSgXaqAr+9l9G+SF3tDJ6qlEfZoeA3jVJoUi0WHHRTT8wz1XEHg==",
      "dependencies": {
        "@minecraft/server": "1.4.0-beta.1.20.10-preview.21"
      }
    },
    "node_modules/@minecraft/server-net": {
      "version": "1.0.0-beta.11940b24",
      "resolved": "https://registry.npmjs.org/@minecraft/server-net/-/server-net-1.0.0-beta.11940b24.tgz",
      "integrity": "sha512-jiL03mGNpADCfvPDyydheEAhdi7J++nx5nB7Gyu3GImDlV5pv9uTwKCrnmILrLs4qJTtxhuRLKBKRlVyYDpKMw==",
      "dependencies": {
        "@minecraft/server-admin": "1.0.0-beta.11940b24"
      }
    },
    "node_modules/@minecraft/server-ui": {
      "version": "1.1.0-beta.1.20.10-preview.21",
      "resolved": "https://registry.npmjs.org/@minecraft/server-ui/-/server-ui-1.1.0-beta.1.20.10-preview.21.tgz",
      "integrity": "sha512-nY6fsaPk5hqlILqYP7NCT+YBt9C040n/tS885WS9oqSR2HTDLUSMHdFif8ZkFY4exODIQGPIggLP+5220X0C+A==",
      "dependencies": {
        "@minecraft/server": "1.4.0-beta.1.20.10-preview.21"
      }
    },
    "node_modules/@minecraft/vanilla-data": {
      "version": "1.20.10-preview.21",
      "resolved": "https://registry.npmjs.org/@minecraft/vanilla-data/-/vanilla-data-1.20.10-preview.21.tgz",
      "integrity": "sha512-XcB51dzFM0tb4Ae91MkhUbsyPmVLkTbcCR3iWauxM7BWVvjNnIYvPJxUpSm57k6eXT48l8EsFGw86Lldwx6l0Q=="
    },
    "node_modules/typescript": {
      "version": "4.9.3",
      "resolved": "https://registry.npmjs.org/typescript/-/typescript-4.9.3.tgz",
      "integrity": "sha512-CIfGzTelbKNEnLpLdGFgdyKhG23CKdKgQPOBc+OUNrkJ2vr+KSzsSV5kq5iWhEQbok+quxgGzrAtGWCyU7tHnA==",
      "dev": true,
      "bin": {
        "tsc": "bin/tsc",
        "tsserver": "bin/tsserver"
      },
      "engines": {
        "node": ">=4.2.0"
      }
    },
    "node_modules/yoni-mcscripts-lib": {
      "version": "0.11.1-beta",
      "resolved": "https://registry.npmjs.org/yoni-mcscripts-lib/-/yoni-mcscripts-lib-0.11.1-beta.tgz",
      "integrity": "sha512-0xQP6oYxGUvmNYs9XdXABaYuQyvEk1mxrx1BvIlmY+N5tIxGe+Dhke3ItFOAk91TgoVhoifL6y6aEsDd5vnkjw==",
      "dependencies": {
        "@minecraft/server": "1.4.0-beta.1.20.10-preview.21",
        "@minecraft/server-gametest": "1.0.0-beta.1.20.10-preview.21",
        "@minecraft/server-ui": "1.1.0-beta.1.20.10-preview.21",
        "@minecraft/vanilla-data": "1.20.10-preview.21"
      }
    }
  }
}
