{
  "name": "@silvigarabis/yonimc_scripts",
  "version": "1.0.0-test.1",
  "lockfileVersion": 3,
  "requires": true,
  "packages": {
    "": {
      "name": "@silvigarabis/yonimc_scripts",
      "version": "1.0.0-test.1",
      "license": "CC-BY-NC-SA-4.0",
      "dependencies": {
        "@minecraft/server-net": "^1.0.0-beta.1.19.80-stable",
        "yoni-mcscripts-lib": "^0.9.1-hotfix.1"
      },
      "devDependencies": {
        "typescript": "4.9.3"
      }
    },
    "node_modules/@minecraft/server": {
      "version": "1.2.0-beta.1.19.80-stable",
      "resolved": "https://registry.npmjs.org/@minecraft/server/-/server-1.2.0-beta.1.19.80-stable.tgz",
      "integrity": "sha512-EVlPbaMWmQMJtPwCPtRMqsmWLTWzOUzUdBjDZWQ+3hM4Oi4OqoFTR22i+e0CgJ6UVHNx/xNyh5h6h0AV36pkxw=="
    },
    "node_modules/@minecraft/server-admin": {
      "version": "1.0.0-beta.11940b24",
      "resolved": "https://registry.npmjs.org/@minecraft/server-admin/-/server-admin-1.0.0-beta.11940b24.tgz",
      "integrity": "sha512-UZ8YyB8mvF31f22+uM67gJums9d6NDgz9AQ2l4a++EHUP9uen0m3aaBaqM9RyumJpRBJbv/hslAKOyeDT01qew=="
    },
    "node_modules/@minecraft/server-gametest": {
      "version": "1.0.0-beta.1.19.80-stable",
      "resolved": "https://registry.npmjs.org/@minecraft/server-gametest/-/server-gametest-1.0.0-beta.1.19.80-stable.tgz",
      "integrity": "sha512-Rv4CPaiUeMeIdIWP4C7YsaNx08GDxyORVjfOkB8c3P6E2ki4rTILu9TBPTrZ8xxG5SicuSmgX0wkbv4D176ZUA==",
      "dependencies": {
        "@minecraft/server": "1.2.0-beta.1.19.80-stable"
      }
    },
    "node_modules/@minecraft/server-net": {
      "version": "1.0.0-beta.11940b24",
      "resolved": "https://registry.npmjs.org/@minecraft/server-net/-/server-net-1.0.0-beta.11940b24.tgz",
      "integrity": "sha512-jiL03mGNpADCfvPDyydheEAhdi7J++nx5nB7Gyu3GImDlV5pv9uTwKCrnmILrLs4qJTtxhuRLKBKRlVyYDpKMw==",
      "dependencies": {
        "@minecraft/server-admin": "1.0.0-beta.11940b24"
      }
    },
    "node_modules/@minecraft/server-ui": {
      "version": "1.0.0-beta.1.19.80-stable",
      "resolved": "https://registry.npmjs.org/@minecraft/server-ui/-/server-ui-1.0.0-beta.1.19.80-stable.tgz",
      "integrity": "sha512-elCqJecskP3kVUM5hB9GOZh/mNVk221iCvam1M8h/vRHxts/8mxIZo2Cw8T+BjMh4Ga1gsUXhouMIlcBYMIVyw==",
      "dependencies": {
        "@minecraft/server": "1.2.0-beta.1.19.80-stable"
      }
    },
    "node_modules/@minecraft/vanilla-data": {
      "version": "1.19.80",
      "resolved": "https://registry.npmjs.org/@minecraft/vanilla-data/-/vanilla-data-1.19.80.tgz",
      "integrity": "sha512-J/xUONLkns7oEy+KCn+By70k8LCCTajClc8u5xcgvZaC+ptqZnp5K+wVGqeXfNLIDp+ihsHsWqUMoynCkATDkg=="
    },
    "node_modules/typescript": {
      "version": "4.9.3",
      "resolved": "https://registry.npmjs.org/typescript/-/typescript-4.9.3.tgz",
      "integrity": "sha512-CIfGzTelbKNEnLpLdGFgdyKhG23CKdKgQPOBc+OUNrkJ2vr+KSzsSV5kq5iWhEQbok+quxgGzrAtGWCyU7tHnA==",
      "dev": true,
      "bin": {
        "tsc": "bin/tsc",
        "tsserver": "bin/tsserver"
      },
      "engines": {
        "node": ">=4.2.0"
      }
    },
    "node_modules/yoni-mcscripts-lib": {
      "version": "0.9.1-hotfix.1",
      "resolved": "https://registry.npmjs.org/yoni-mcscripts-lib/-/yoni-mcscripts-lib-0.9.1-hotfix.1.tgz",
      "integrity": "sha512-66v6Gs+Kdu7ANVSGpT8WKEiu26bZFzMqusu8ZMaG/rsl/ZVwbtc9hw5tP8C9zCKp5VYlEe0F1OaVg4LcG78IWA==",
      "dependencies": {
        "@minecraft/server": "1.2.0-beta.1.19.80-stable",
        "@minecraft/server-gametest": "1.0.0-beta.1.19.80-stable",
        "@minecraft/server-ui": "1.0.0-beta.1.19.80-stable",
        "@minecraft/vanilla-data": "1.19.80"
      }
    }
  }
}
