{
  "name": "@silvigarabis/yonimc_scripts",
  "version": "1.0.0",
  "lockfileVersion": 3,
  "requires": true,
  "packages": {
    "": {
      "name": "@silvigarabis/yonimc_scripts",
      "version": "1.0.0",
      "license": "CC-BY-NC-SA-4.0",
      "dependencies": {
        "@minecraft/server": "1.4.0-beta.1.20.10-stable",
        "@minecraft/server-gametest": "1.0.0-beta.1.20.10-stable",
        "@minecraft/server-net": "1.0.0-beta.1.20.10-stable",
        "@minecraft/server-ui": "1.2.0-beta.1.20.10-stable",
        "yoni-mcscripts-lib": "^1.2.0-beta-mcstable.1.20.10"
      },
      "devDependencies": {
        "typescript": "4.9.3"
      }
    },
    "node_modules/@minecraft/server": {
      "version": "1.4.0-beta.1.20.10-stable",
      "resolved": "https://registry.npmjs.org/@minecraft/server/-/server-1.4.0-beta.1.20.10-stable.tgz",
      "integrity": "sha512-GFxR3rc83fLG4G1QV51D6a7V1EylomZrUMO1oUNINhkMpNBe2ACA9CBpLpkixxg0Y3aDpUnTkuhjQpoMnekPSA=="
    },
    "node_modules/@minecraft/server-admin": {
      "version": "1.0.0-beta.11940b24",
      "resolved": "https://registry.npmjs.org/@minecraft/server-admin/-/server-admin-1.0.0-beta.11940b24.tgz",
      "integrity": "sha512-UZ8YyB8mvF31f22+uM67gJums9d6NDgz9AQ2l4a++EHUP9uen0m3aaBaqM9RyumJpRBJbv/hslAKOyeDT01qew=="
    },
    "node_modules/@minecraft/server-gametest": {
      "version": "1.0.0-beta.1.20.10-stable",
      "resolved": "https://registry.npmjs.org/@minecraft/server-gametest/-/server-gametest-1.0.0-beta.1.20.10-stable.tgz",
      "integrity": "sha512-7E5mkOGL+m0EiKYmnVK1x0Kge7SNZwIGsHKL3Wigcrgga2LALq+xff5y7hSs87goddDxZfDsyFxVD0uQovOR1g==",
      "dependencies": {
        "@minecraft/server": "^1.4.0-beta.1.20.10-stable"
      }
    },
    "node_modules/@minecraft/server-net": {
      "version": "1.0.0-beta.1.20.10-stable",
      "resolved": "https://registry.npmjs.org/@minecraft/server-net/-/server-net-1.0.0-beta.1.20.10-stable.tgz",
      "integrity": "sha512-1UW6Qyh3uLkaAILm6yXtH2WCI0lZTNyhelDCPDXuqcRgveWOrgPPIzJNJSYMUWc6Z9BQkMR3yTvHUCjPEgiNIA==",
      "dependencies": {
        "@minecraft/server-admin": "^1.0.0-beta.1.20.10-stable"
      }
    },
    "node_modules/@minecraft/server-ui": {
      "version": "1.2.0-beta.1.20.10-stable",
      "resolved": "https://registry.npmjs.org/@minecraft/server-ui/-/server-ui-1.2.0-beta.1.20.10-stable.tgz",
      "integrity": "sha512-ciStJuaHMxQhddJzZPiaJJBi6LjVEugr5LoamUaQhdd2qfgILAz/k3Nfwsx7YYDSTrg6jmMrAj4+Na5IJ7VITw==",
      "dependencies": {
        "@minecraft/server": "^1.4.0-beta.1.20.10-stable"
      }
    },
    "node_modules/typescript": {
      "version": "4.9.3",
      "resolved": "https://registry.npmjs.org/typescript/-/typescript-4.9.3.tgz",
      "integrity": "sha512-CIfGzTelbKNEnLpLdGFgdyKhG23CKdKgQPOBc+OUNrkJ2vr+KSzsSV5kq5iWhEQbok+quxgGzrAtGWCyU7tHnA==",
      "dev": true,
      "bin": {
        "tsc": "bin/tsc",
        "tsserver": "bin/tsserver"
      },
      "engines": {
        "node": ">=4.2.0"
      }
    },
    "node_modules/yoni-mcscripts-lib": {
      "version": "1.2.0-beta-mcstable.1.20.10",
      "resolved": "https://registry.npmjs.org/yoni-mcscripts-lib/-/yoni-mcscripts-lib-1.2.0-beta-mcstable.1.20.10.tgz",
      "integrity": "sha512-+UWDEIhOcH0v3F9sC64ks/QaxQDHNb/nJnm0cjJjd0eVBBORaTPFDQsmkqE2XITUgXoKe2V8dGTf/B5ezJDxEQ==",
      "dependencies": {
        "@minecraft/server": "1.4.0-beta.1.20.10-stable",
        "@minecraft/server-gametest": "1.0.0-beta.1.20.10-stable"
      }
    }
  }
}
